// !$*UTF8*$!
{
	archiveVersion = 1;
	classes = {
	};
	objectVersion = 46;
	objects = {

/* Begin PBXBuildFile section */
		3EC22B031AADEDAE00E37692 /* AppDelegate.swift in Sources */ = {isa = PBXBuildFile; fileRef = 3EC22B021AADEDAE00E37692 /* AppDelegate.swift */; };
		3EC22B051AADEDAE00E37692 /* ViewController.swift in Sources */ = {isa = PBXBuildFile; fileRef = 3EC22B041AADEDAE00E37692 /* ViewController.swift */; };
		3EC22B081AADEDAE00E37692 /* Main.storyboard in Resources */ = {isa = PBXBuildFile; fileRef = 3EC22B061AADEDAE00E37692 /* Main.storyboard */; };
		3EC22B0A1AADEDAE00E37692 /* Images.xcassets in Resources */ = {isa = PBXBuildFile; fileRef = 3EC22B091AADEDAE00E37692 /* Images.xcassets */; };
		3EC22B0D1AADEDAE00E37692 /* LaunchScreen.xib in Resources */ = {isa = PBXBuildFile; fileRef = 3EC22B0B1AADEDAE00E37692 /* LaunchScreen.xib */; };
		3EC22B191AADEDAF00E37692 /* SocialWatchTests.swift in Sources */ = {isa = PBXBuildFile; fileRef = 3EC22B181AADEDAF00E37692 /* SocialWatchTests.swift */; };
/* End PBXBuildFile section */

/* Begin PBXContainerItemProxy section */
		3EC22B131AADEDAF00E37692 /* PBXContainerItemProxy */ = {
			isa = PBXContainerItemProxy;
			containerPortal = 3EC22AF51AADEDAE00E37692 /* Project object */;
			proxyType = 1;
			remoteGlobalIDString = 3EC22AFC1AADEDAE00E37692;
			remoteInfo = SocialWatch;
		};
/* End PBXContainerItemProxy section */

/* Begin PBXFileReference section */
		3EC22AFD1AADEDAE00E37692 /* SocialWatch.app */ = {isa = PBXFileReference; explicitFileType = wrapper.application; includeInIndex = 0; path = SocialWatch.app; sourceTree = BUILT_PRODUCTS_DIR; };
		3EC22B011AADEDAE00E37692 /* Info.plist */ = {isa = PBXFileReference; lastKnownFileType = text.plist.xml; path = Info.plist; sourceTree = "<group>"; };
		3EC22B021AADEDAE00E37692 /* AppDelegate.swift */ = {isa = PBXFileReference; lastKnownFileType = sourcecode.swift; path = AppDelegate.swift; sourceTree = "<group>"; };
		3EC22B041AADEDAE00E37692 /* ViewController.swift */ = {isa = PBXFileReference; lastKnownFileType = sourcecode.swift; path = ViewController.swift; sourceTree = "<group>"; };
		3EC22B071AADEDAE00E37692 /* Base */ = {isa = PBXFileReference; lastKnownFileType = file.storyboard; name = Base; path = Base.lproj/Main.storyboard; sourceTree = "<group>"; };
		3EC22B091AADEDAE00E37692 /* Images.xcassets */ = {isa = PBXFileReference; lastKnownFileType = folder.assetcatalog; path = Images.xcassets; sourceTree = "<group>"; };
		3EC22B0C1AADEDAE00E37692 /* Base */ = {isa = PBXFileReference; lastKnownFileType = file.xib; name = Base; path = Base.lproj/LaunchScreen.xib; sourceTree = "<group>"; };
		3EC22B121AADEDAF00E37692 /* SocialWatchTests.xctest */ = {isa = PBXFileReference; explicitFileType = wrapper.cfbundle; includeInIndex = 0; path = SocialWatchTests.xctest; sourceTree = BUILT_PRODUCTS_DIR; };
		3EC22B171AADEDAF00E37692 /* Info.plist */ = {isa = PBXFileReference; lastKnownFileType = text.plist.xml; path = Info.plist; sourceTree = "<group>"; };
		3EC22B181AADEDAF00E37692 /* SocialWatchTests.swift */ = {isa = PBXFileReference; lastKnownFileType = sourcecode.swift; path = SocialWatchTests.swift; sourceTree = "<group>"; };
/* End PBXFileReference section */

/* Begin PBXFrameworksBuildPhase section */
		3EC22AFA1AADEDAE00E37692 /* Frameworks */ = {
			isa = PBXFrameworksBuildPhase;
			buildActionMask = 2147483647;
			files = (
			);
			runOnlyForDeploymentPostprocessing = 0;
		};
		3EC22B0F1AADEDAF00E37692 /* Frameworks */ = {
			isa = PBXFrameworksBuildPhase;
			buildActionMask = 2147483647;
			files = (
			);
			runOnlyForDeploymentPostprocessing = 0;
		};
/* End PBXFrameworksBuildPhase section */

/* Begin PBXGroup section */
		3EC22AF41AADEDAE00E37692 = {
			isa = PBXGroup;
			children = (
				3EC22AFF1AADEDAE00E37692 /* SocialWatch */,
				3EC22B151AADEDAF00E37692 /* SocialWatchTests */,
				3EC22AFE1AADEDAE00E37692 /* Products */,
			);
			sourceTree = "<group>";
		};
		3EC22AFE1AADEDAE00E37692 /* Products */ = {
			isa = PBXGroup;
			children = (
				3EC22AFD1AADEDAE00E37692 /* SocialWatch.app */,
				3EC22B121AADEDAF00E37692 /* SocialWatchTests.xctest */,
			);
			name = Products;
			sourceTree = "<group>";
		};
		3EC22AFF1AADEDAE00E37692 /* SocialWatch */ = {
			isa = PBXGroup;
			children = (
				3EC22B021AADEDAE00E37692 /* AppDelegate.swift */,
				3EC22B041AADEDAE00E37692 /* ViewController.swift */,
				3EC22B061AADEDAE00E37692 /* Main.storyboard */,
				3EC22B091AADEDAE00E37692 /* Images.xcassets */,
				3EC22B0B1AADEDAE00E37692 /* LaunchScreen.xib */,
				3EC22B001AADEDAE00E37692 /* Supporting Files */,
			);
			path = SocialWatch;
			sourceTree = "<group>";
		};
		3EC22B001AADEDAE00E37692 /* Supporting Files */ = {
			isa = PBXGroup;
			children = (
				3EC22B011AADEDAE00E37692 /* Info.plist */,
			);
			name = "Supporting Files";
			sourceTree = "<group>";
		};
		3EC22B151AADEDAF00E37692 /* SocialWatchTests */ = {
			isa = PBXGroup;
			children = (
				3EC22B181AADEDAF00E37692 /* SocialWatchTests.swift */,
				3EC22B161AADEDAF00E37692 /* Supporting Files */,
			);
			path = SocialWatchTests;
			sourceTree = "<group>";
		};
		3EC22B161AADEDAF00E37692 /* Supporting Files */ = {
			isa = PBXGroup;
			children = (
				3EC22B171AADEDAF00E37692 /* Info.plist */,
			);
			name = "Supporting Files";
			sourceTree = "<group>";
		};
/* End PBXGroup section */

/* Begin PBXNativeTarget section */
		3EC22AFC1AADEDAE00E37692 /* SocialWatch */ = {
			isa = PBXNativeTarget;
			buildConfigurationList = 3EC22B1C1AADEDAF00E37692 /* Build configuration list for PBXNativeTarget "SocialWatch" */;
			buildPhases = (
				3EC22AF91AADEDAE00E37692 /* Sources */,
				3EC22AFA1AADEDAE00E37692 /* Frameworks */,
				3EC22AFB1AADEDAE00E37692 /* Resources */,
			);
			buildRules = (
			);
			dependencies = (
			);
			name = SocialWatch;
			productName = SocialWatch;
			productReference = 3EC22AFD1AADEDAE00E37692 /* SocialWatch.app */;
			productType = "com.apple.product-type.application";
		};
		3EC22B111AADEDAF00E37692 /* SocialWatchTests */ = {
			isa = PBXNativeTarget;
			buildConfigurationList = 3EC22B1F1AADEDAF00E37692 /* Build configuration list for PBXNativeTarget "SocialWatchTests" */;
			buildPhases = (
				3EC22B0E1AADEDAF00E37692 /* Sources */,
				3EC22B0F1AADEDAF00E37692 /* Frameworks */,
				3EC22B101AADEDAF00E37692 /* Resources */,
			);
			buildRules = (
			);
			dependencies = (
				3EC22B141AADEDAF00E37692 /* PBXTargetDependency */,
			);
			name = SocialWatchTests;
			productName = SocialWatchTests;
			productReference = 3EC22B121AADEDAF00E37692 /* SocialWatchTests.xctest */;
			productType = "com.apple.product-type.bundle.unit-test";
		};
/* End PBXNativeTarget section */

/* Begin PBXProject section */
		3EC22AF51AADEDAE00E37692 /* Project object */ = {
			isa = PBXProject;
			attributes = {
				LastUpgradeCheck = 0620;
				ORGANIZATIONNAME = AreQua;
				TargetAttributes = {
					3EC22AFC1AADEDAE00E37692 = {
						CreatedOnToolsVersion = 6.2;
					};
					3EC22B111AADEDAF00E37692 = {
						CreatedOnToolsVersion = 6.2;
						TestTargetID = 3EC22AFC1AADEDAE00E37692;
					};
				};
			};
			buildConfigurationList = 3EC22AF81AADEDAE00E37692 /* Build configuration list for PBXProject "SocialWatch" */;
			compatibilityVersion = "Xcode 3.2";
			developmentRegion = English;
			hasScannedForEncodings = 0;
			knownRegions = (
				en,
				Base,
			);
			mainGroup = 3EC22AF41AADEDAE00E37692;
			productRefGroup = 3EC22AFE1AADEDAE00E37692 /* Products */;
			projectDirPath = "";
			projectRoot = "";
			targets = (
				3EC22AFC1AADEDAE00E37692 /* SocialWatch */,
				3EC22B111AADEDAF00E37692 /* SocialWatchTests */,
			);
		};
/* End PBXProject section */

/* Begin PBXResourcesBuildPhase section */
		3EC22AFB1AADEDAE00E37692 /* Resources */ = {
			isa = PBXResourcesBuildPhase;
			buildActionMask = 2147483647;
			files = (
				3EC22B081AADEDAE00E37692 /* Main.storyboard in Resources */,
				3EC22B0D1AADEDAE00E37692 /* LaunchScreen.xib in Resources */,
				3EC22B0A1AADEDAE00E37692 /* Images.xcassets in Resources */,
			);
			runOnlyForDeploymentPostprocessing = 0;
		};
		3EC22B101AADEDAF00E37692 /* Resources */ = {
			isa = PBXResourcesBuildPhase;
			buildActionMask = 2147483647;
			files = (
			);
			runOnlyForDeploymentPostprocessing = 0;
		};
/* End PBXResourcesBuildPhase section */

/* Begin PBXSourcesBuildPhase section */
		3EC22AF91AADEDAE00E37692 /* Sources */ = {
			isa = PBXSourcesBuildPhase;
			buildActionMask = 2147483647;
			files = (
				3EC22B051AADEDAE00E37692 /* ViewController.swift in Sources */,
				3EC22B031AADEDAE00E37692 /* AppDelegate.swift in Sources */,
			);
			runOnlyForDeploymentPostprocessing = 0;
		};
		3EC22B0E1AADEDAF00E37692 /* Sources */ = {
			isa = PBXSourcesBuildPhase;
			buildActionMask = 2147483647;
			files = (
				3EC22B191AADEDAF00E37692 /* SocialWatchTests.swift in Sources */,
			);
			runOnlyForDeploymentPostprocessing = 0;
		};
/* End PBXSourcesBuildPhase section */

/* Begin PBXTargetDependency section */
		3EC22B141AADEDAF00E37692 /* PBXTargetDependency */ = {
			isa = PBXTargetDependency;
			target = 3EC22AFC1AADEDAE00E37692 /* SocialWatch */;
			targetProxy = 3EC22B131AADEDAF00E37692 /* PBXContainerItemProxy */;
		};
/* End PBXTargetDependency section */

/* Begin PBXVariantGroup section */
		3EC22B061AADEDAE00E37692 /* Main.storyboard */ = {
			isa = PBXVariantGroup;
			children = (
				3EC22B071AADEDAE00E37692 /* Base */,
			);
			name = Main.storyboard;
			sourceTree = "<group>";
		};
		3EC22B0B1AADEDAE00E37692 /* LaunchScreen.xib */ = {
			isa = PBXVariantGroup;
			children = (
				3EC22B0C1AADEDAE00E37692 /* Base */,
			);
			name = LaunchScreen.xib;
			sourceTree = "<group>";
		};
/* End PBXVariantGroup section */

/* Begin XCBuildConfiguration section */
		3EC22B1A1AADEDAF00E37692 /* Debug */ = {
			isa = XCBuildConfiguration;
			buildSettings = {
				ALWAYS_SEARCH_USER_PATHS = NO;
				CLANG_CXX_LANGUAGE_STANDARD = "gnu++0x";
				CLANG_CXX_LIBRARY = "libc++";
				CLANG_ENABLE_MODULES = YES;
				CLANG_ENABLE_OBJC_ARC = YES;
				CLANG_WARN_BOOL_CONVERSION = YES;
				CLANG_WARN_CONSTANT_CONVERSION = YES;
				CLANG_WARN_DIRECT_OBJC_ISA_USAGE = YES_ERROR;
				CLANG_WARN_EMPTY_BODY = YES;
				CLANG_WARN_ENUM_CONVERSION = YES;
				CLANG_WARN_INT_CONVERSION = YES;
				CLANG_WARN_OBJC_ROOT_CLASS = YES_ERROR;
				CLANG_WARN_UNREACHABLE_CODE = YES;
				CLANG_WARN__DUPLICATE_METHOD_MATCH = YES;
				"CODE_SIGN_IDENTITY[sdk=iphoneos*]" = "iPhone Developer";
				COPY_PHASE_STRIP = NO;
				ENABLE_STRICT_OBJC_MSGSEND = YES;
				GCC_C_LANGUAGE_STANDARD = gnu99;
				GCC_DYNAMIC_NO_PIC = NO;
				GCC_OPTIMIZATION_LEVEL = 0;
				GCC_PREPROCESSOR_DEFINITIONS = (
					"DEBUG=1",
					"$(inherited)",
				);
				GCC_SYMBOLS_PRIVATE_EXTERN = NO;
				GCC_WARN_64_TO_32_BIT_CONVERSION = YES;
				GCC_WARN_ABOUT_RETURN_TYPE = YES_ERROR;
				GCC_WARN_UNDECLARED_SELECTOR = YES;
				GCC_WARN_UNINITIALIZED_AUTOS = YES_AGGRESSIVE;
				GCC_WARN_UNUSED_FUNCTION = YES;
				GCC_WARN_UNUSED_VARIABLE = YES;
				IPHONEOS_DEPLOYMENT_TARGET = 8.2;
				MTL_ENABLE_DEBUG_INFO = YES;
				ONLY_ACTIVE_ARCH = YES;
				SDKROOT = iphoneos;
				SWIFT_OPTIMIZATION_LEVEL = "-Onone";
			};
			name = Debug;
		};
		3EC22B1B1AADEDAF00E37692 /* Release */ = {
			isa = XCBuildConfiguration;
			buildSettings = {
				ALWAYS_SEARCH_USER_PATHS = NO;
				CLANG_CXX_LANGUAGE_STANDARD = "gnu++0x";
				CLANG_CXX_LIBRARY = "libc++";
				CLANG_ENABLE_MODULES = YES;
				CLANG_ENABLE_OBJC_ARC = YES;
				CLANG_WARN_BOOL_CONVERSION = YES;
				CLANG_WARN_CONSTANT_CONVERSION = YES;
				CLANG_WARN_DIRECT_OBJC_ISA_USAGE = YES_ERROR;
				CLANG_WARN_EMPTY_BODY = YES;
				CLANG_WARN_ENUM_CONVERSION = YES;
				CLANG_WARN_INT_CONVERSION = YES;
				CLANG_WARN_OBJC_ROOT_CLASS = YES_ERROR;
				CLANG_WARN_UNREACHABLE_CODE = YES;
				CLANG_WARN__DUPLICATE_METHOD_MATCH = YES;
				"CODE_SIGN_IDENTITY[sdk=iphoneos*]" = "iPhone Developer";
				COPY_PHASE_STRIP = NO;
				ENABLE_NS_ASSERTIONS = NO;
				ENABLE_STRICT_OBJC_MSGSEND = YES;
				GCC_C_LANGUAGE_STANDARD = gnu99;
				GCC_WARN_64_TO_32_BIT_CONVERSION = YES;
				GCC_WARN_ABOUT_RETURN_TYPE = YES_ERROR;
				GCC_WARN_UNDECLARED_SELECTOR = YES;
				GCC_WARN_UNINITIALIZED_AUTOS = YES_AGGRESSIVE;
				GCC_WARN_UNUSED_FUNCTION = YES;
				GCC_WARN_UNUSED_VARIABLE = YES;
				IPHONEOS_DEPLOYMENT_TARGET = 8.2;
				MTL_ENABLE_DEBUG_INFO = NO;
				SDKROOT = iphoneos;
				VALIDATE_PRODUCT = YES;
			};
			name = Release;
		};
		3EC22B1D1AADEDAF00E37692 /* Debug */ = {
			isa = XCBuildConfiguration;
			buildSettings = {
				ASSETCATALOG_COMPILER_APPICON_NAME = AppIcon;
				INFOPLIST_FILE = SocialWatch/Info.plist;
				LD_RUNPATH_SEARCH_PATHS = "$(inherited) @executable_path/Frameworks";
				PRODUCT_NAME = "$(TARGET_NAME)";
			};
			name = Debug;
		};
		3EC22B1E1AADEDAF00E37692 /* Release */ = {
			isa = XCBuildConfiguration;
			buildSettings = {
				ASSETCATALOG_COMPILER_APPICON_NAME = AppIcon;
				INFOPLIST_FILE = SocialWatch/Info.plist;
				LD_RUNPATH_SEARCH_PATHS = "$(inherited) @executable_path/Frameworks";
				PRODUCT_NAME = "$(TARGET_NAME)";
			};
			name = Release;
		};
		3EC22B201AADEDAF00E37692 /* Debug */ = {
			isa = XCBuildConfiguration;
			buildSettings = {
				BUNDLE_LOADER = "$(TEST_HOST)";
				FRAMEWORK_SEARCH_PATHS = (
					"$(SDKROOT)/Developer/Library/Frameworks",
					"$(inherited)",
				);
				GCC_PREPROCESSOR_DEFINITIONS = (
					"DEBUG=1",
					"$(inherited)",
				);
				INFOPLIST_FILE = SocialWatchTests/Info.plist;
				LD_RUNPATH_SEARCH_PATHS = "$(inherited) @executable_path/Frameworks @loader_path/Frameworks";
				PRODUCT_NAME = "$(TARGET_NAME)";
				TEST_HOST = "$(BUILT_PRODUCTS_DIR)/SocialWatch.app/SocialWatch";
			};
			name = Debug;
		};
		3EC22B211AADEDAF00E37692 /* Release */ = {
			isa = XCBuildConfiguration;
			buildSettings = {
				BUNDLE_LOADER = "$(TEST_HOST)";
				FRAMEWORK_SEARCH_PATHS = (
					"$(SDKROOT)/Developer/Library/Frameworks",
					"$(inherited)",
				);
				INFOPLIST_FILE = SocialWatchTests/Info.plist;
				LD_RUNPATH_SEARCH_PATHS = "$(inherited) @executable_path/Frameworks @loader_path/Frameworks";
				PRODUCT_NAME = "$(TARGET_NAME)";
				TEST_HOST = "$(BUILT_PRODUCTS_DIR)/SocialWatch.app/SocialWatch";
			};
			name = Release;
		};
/* End XCBuildConfiguration section */

/* Begin XCConfigurationList section */
		3EC22AF81AADEDAE00E37692 /* Build configuration list for PBXProject "SocialWatch" */ = {
			isa = XCConfigurationList;
			buildConfigurations = (
				3EC22B1A1AADEDAF00E37692 /* Debug */,
				3EC22B1B1AADEDAF00E37692 /* Release */,
			);
			defaultConfigurationIsVisible = 0;
			defaultConfigurationName = Release;
		};
		3EC22B1C1AADEDAF00E37692 /* Build configuration list for PBXNativeTarget "SocialWatch" */ = {
			isa = XCConfigurationList;
			buildConfigurations = (
				3EC22B1D1AADEDAF00E37692 /* Debug */,
				3EC22B1E1AADEDAF00E37692 /* Release */,
			);
			defaultConfigurationIsVisible = 0;
		};
		3EC22B1F1AADEDAF00E37692 /* Build configuration list for PBXNativeTarget "SocialWatchTests" */ = {
			isa = XCConfigurationList;
			buildConfigurations = (
				3EC22B201AADEDAF00E37692 /* Debug */,
				3EC22B211AADEDAF00E37692 /* Release */,
			);
			defaultConfigurationIsVisible = 0;
		};
/* End XCConfigurationList section */
	};
	rootObject = 3EC22AF51AADEDAE00E37692 /* Project object */;
}
